
Microsoft Visual Studio Solution File, Format Version 12.00
# Visual Studio Version 16
VisualStudioVersion = 16.0.30907.101
MinimumVisualStudioVersion = 10.0.40219.1
Project("{FAE04EC0-301F-11D3-BF4B-00C04F79EFBC}") = "ChineseChess", "ChineseChess.csproj", "{9BCF8DC7-2988-48AD-A5B3-44BA410A0811}"
EndProject
Project("{FAE04EC0-301F-11D3-BF4B-00C04F79EFBC}") = "Login", "..\Login\Login.csproj", "{FBAA34DF-7936-45CB-86F8-14CEBD84DE20}"
EndProject
Project("{FAE04EC0-301F-11D3-BF4B-00C04F79EFBC}") = "Server", "..\Server\Server.csproj", "{05D8E75A-C015-40AC-B4FC-237EF398E538}"
EndProject
Project("{FAE04EC0-301F-11D3-BF4B-00C04F79EFBC}") = "Sockets", "..\Sockets\Sockets.csproj", "{46095940-17DD-4820-AF3E-BD94703AFB51}"
EndProject
Global
	GlobalSection(SolutionConfigurationPlatforms) = preSolution
		Debug|Any CPU = Debug|Any CPU
		Release|Any CPU = Release|Any CPU
	EndGlobalSection
	GlobalSection(ProjectConfigurationPlatforms) = postSolution
		{9BCF8DC7-2988-48AD-A5B3-44BA410A0811}.Debug|Any CPU.ActiveCfg = Debug|Any CPU
		{9BCF8DC7-2988-48AD-A5B3-44BA410A0811}.Debug|Any CPU.Build.0 = Debug|Any CPU
		{9BCF8DC7-2988-48AD-A5B3-44BA410A0811}.Release|Any CPU.ActiveCfg = Release|Any CPU
		{9BCF8DC7-2988-48AD-A5B3-44BA410A0811}.Release|Any CPU.Build.0 = Release|Any CPU
		{FBAA34DF-7936-45CB-86F8-14CEBD84DE20}.Debug|Any CPU.ActiveCfg = Debug|Any CPU
		{FBAA34DF-7936-45CB-86F8-14CEBD84DE20}.Debug|Any CPU.Build.0 = Debug|Any CPU
		{FBAA34DF-7936-45CB-86F8-14CEBD84DE20}.Release|Any CPU.ActiveCfg = Release|Any CPU
		{FBAA34DF-7936-45CB-86F8-14CEBD84DE20}.Release|Any CPU.Build.0 = Release|Any CPU
		{05D8E75A-C015-40AC-B4FC-237EF398E538}.Debug|Any CPU.ActiveCfg = Debug|Any CPU
		{05D8E75A-C015-40AC-B4FC-237EF398E538}.Debug|Any CPU.Build.0 = Debug|Any CPU
		{05D8E75A-C015-40AC-B4FC-237EF398E538}.Release|Any CPU.ActiveCfg = Release|Any CPU
		{05D8E75A-C015-40AC-B4FC-237EF398E538}.Release|Any CPU.Build.0 = Release|Any CPU
		{46095940-17DD-4820-AF3E-BD94703AFB51}.Debug|Any CPU.ActiveCfg = Debug|Any CPU
		{46095940-17DD-4820-AF3E-BD94703AFB51}.Debug|Any CPU.Build.0 = Debug|Any CPU
		{46095940-17DD-4820-AF3E-BD94703AFB51}.Release|Any CPU.ActiveCfg = Release|Any CPU
		{46095940-17DD-4820-AF3E-BD94703AFB51}.Release|Any CPU.Build.0 = Release|Any CPU
	EndGlobalSection
	GlobalSection(SolutionProperties) = preSolution
		HideSolutionNode = FALSE
	EndGlobalSection
	GlobalSection(ExtensibilityGlobals) = postSolution
		SolutionGuid = {F9F615D2-54C4-4E70-B853-54A9EBA82FB1}
	EndGlobalSection
EndGlobal
